PODS:
  - Alamofire (4.5.1)
  - AlamofireImage (3.3.0):
    - Alamofire (~> 4.5)
  - MCSwipeTableViewCell (2.1.4)

DEPENDENCIES:
  - Alamofire
  - AlamofireImage
  - MCSwipeTableViewCell

SPEC CHECKSUMS:
  Alamofire: 2d95912bf4c34f164fdfc335872e8c312acaea4a
  AlamofireImage: 2e784dc5d00f04903a52c1d169181469c805c3df
  MCSwipeTableViewCell: 1b303e16c3a26b1982f3a68386e9b8c5fc8344c3

PODFILE CHECKSUM: 28421ebe7508e587c8f80e30d6c3d71bcc2c964b

COCOAPODS: 1.2.1
